// !$*UTF8*$!
{
	archiveVersion = 1;
	classes = {
	};
	objectVersion = 50;
	objects = {

/* Begin PBXBuildFile section */
		835736A020EA313E00A6783A /* AppDelegate.m in Sources */ = {isa = PBXBuildFile; fileRef = 8357369F20EA313E00A6783A /* AppDelegate.m */; };
		835736A320EA313E00A6783A /* ViewController.m in Sources */ = {isa = PBXBuildFile; fileRef = 835736A220EA313E00A6783A /* ViewController.m */; };
		835736A620EA313E00A6783A /* Main.storyboard in Resources */ = {isa = PBXBuildFile; fileRef = 835736A420EA313E00A6783A /* Main.storyboard */; };
		835736A820EA314000A6783A /* Assets.xcassets in Resources */ = {isa = PBXBuildFile; fileRef = 835736A720EA314000A6783A /* Assets.xcassets */; };
		835736AB20EA314000A6783A /* LaunchScreen.storyboard in Resources */ = {isa = PBXBuildFile; fileRef = 835736A920EA314000A6783A /* LaunchScreen.storyboard */; };
		835736AE20EA314000A6783A /* main.m in Sources */ = {isa = PBXBuildFile; fileRef = 835736AD20EA314000A6783A /* main.m */; };
		835736B820EA314000A6783A /* testAppTests.m in Sources */ = {isa = PBXBuildFile; fileRef = 835736B720EA314000A6783A /* testAppTests.m */; };
		835736C320EA314000A6783A /* testAppUITests.m in Sources */ = {isa = PBXBuildFile; fileRef = 835736C220EA314000A6783A /* testAppUITests.m */; };
/* End PBXBuildFile section */

/* Begin PBXContainerItemProxy section */
		835736B420EA314000A6783A /* PBXContainerItemProxy */ = {
			isa = PBXContainerItemProxy;
			containerPortal = 8357369320EA313E00A6783A /* Project object */;
			proxyType = 1;
			remoteGlobalIDString = 8357369A20EA313E00A6783A;
			remoteInfo = testApp;
		};
		835736BF20EA314000A6783A /* PBXContainerItemProxy */ = {
			isa = PBXContainerItemProxy;
			containerPortal = 8357369320EA313E00A6783A /* Project object */;
			proxyType = 1;
			remoteGlobalIDString = 8357369A20EA313E00A6783A;
			remoteInfo = testApp;
		};
/* End PBXContainerItemProxy section */

/* Begin PBXFileReference section */
		8357369B20EA313E00A6783A /* testApp.app */ = {isa = PBXFileReference; explicitFileType = wrapper.application; includeInIndex = 0; path = testApp.app; sourceTree = BUILT_PRODUCTS_DIR; };
		8357369E20EA313E00A6783A /* AppDelegate.h */ = {isa = PBXFileReference; lastKnownFileType = sourcecode.c.h; path = AppDelegate.h; sourceTree = "<group>"; };
		8357369F20EA313E00A6783A /* AppDelegate.m */ = {isa = PBXFileReference; lastKnownFileType = sourcecode.c.objc; path = AppDelegate.m; sourceTree = "<group>"; };
		835736A120EA313E00A6783A /* ViewController.h */ = {isa = PBXFileReference; lastKnownFileType = sourcecode.c.h; path = ViewController.h; sourceTree = "<group>"; };
		835736A220EA313E00A6783A /* ViewController.m */ = {isa = PBXFileReference; lastKnownFileType = sourcecode.c.objc; path = ViewController.m; sourceTree = "<group>"; };
		835736A520EA313E00A6783A /* Base */ = {isa = PBXFileReference; lastKnownFileType = file.storyboard; name = Base; path = Base.lproj/Main.storyboard; sourceTree = "<group>"; };
		835736A720EA314000A6783A /* Assets.xcassets */ = {isa = PBXFileReference; lastKnownFileType = folder.assetcatalog; path = Assets.xcassets; sourceTree = "<group>"; };
		835736AA20EA314000A6783A /* Base */ = {isa = PBXFileReference; lastKnownFileType = file.storyboard; name = Base; path = Base.lproj/LaunchScreen.storyboard; sourceTree = "<group>"; };
		835736AC20EA314000A6783A /* Info.plist */ = {isa = PBXFileReference; lastKnownFileType = text.plist.xml; path = Info.plist; sourceTree = "<group>"; };
		835736AD20EA314000A6783A /* main.m */ = {isa = PBXFileReference; lastKnownFileType = sourcecode.c.objc; path = main.m; sourceTree = "<group>"; };
		835736B320EA314000A6783A /* testAppTests.xctest */ = {isa = PBXFileReference; explicitFileType = wrapper.cfbundle; includeInIndex = 0; path = testAppTests.xctest; sourceTree = BUILT_PRODUCTS_DIR; };
		835736B720EA314000A6783A /* testAppTests.m */ = {isa = PBXFileReference; lastKnownFileType = sourcecode.c.objc; path = testAppTests.m; sourceTree = "<group>"; };
		835736B920EA314000A6783A /* Info.plist */ = {isa = PBXFileReference; lastKnownFileType = text.plist.xml; path = Info.plist; sourceTree = "<group>"; };
		835736BE20EA314000A6783A /* testAppUITests.xctest */ = {isa = PBXFileReference; explicitFileType = wrapper.cfbundle; includeInIndex = 0; path = testAppUITests.xctest; sourceTree = BUILT_PRODUCTS_DIR; };
		835736C220EA314000A6783A /* testAppUITests.m */ = {isa = PBXFileReference; lastKnownFileType = sourcecode.c.objc; path = testAppUITests.m; sourceTree = "<group>"; };
		835736C420EA314000A6783A /* Info.plist */ = {isa = PBXFileReference; lastKnownFileType = text.plist.xml; path = Info.plist; sourceTree = "<group>"; };
/* End PBXFileReference section */

/* Begin PBXFrameworksBuildPhase section */
		8357369820EA313E00A6783A /* Frameworks */ = {
			isa = PBXFrameworksBuildPhase;
			buildActionMask = 2147483647;
			files = (
			);
			runOnlyForDeploymentPostprocessing = 0;
		};
		835736B020EA314000A6783A /* Frameworks */ = {
			isa = PBXFrameworksBuildPhase;
			buildActionMask = 2147483647;
			files = (
			);
			runOnlyForDeploymentPostprocessing = 0;
		};
		835736BB20EA314000A6783A /* Frameworks */ = {
			isa = PBXFrameworksBuildPhase;
			buildActionMask = 2147483647;
			files = (
			);
			runOnlyForDeploymentPostprocessing = 0;
		};
/* End PBXFrameworksBuildPhase section */

/* Begin PBXGroup section */
		8357369220EA313E00A6783A = {
			isa = PBXGroup;
			children = (
				8357369D20EA313E00A6783A /* testApp */,
				835736B620EA314000A6783A /* testAppTests */,
				835736C120EA314000A6783A /* testAppUITests */,
				8357369C20EA313E00A6783A /* Products */,
			);
			sourceTree = "<group>";
		};
		8357369C20EA313E00A6783A /* Products */ = {
			isa = PBXGroup;
			children = (
				8357369B20EA313E00A6783A /* testApp.app */,
				835736B320EA314000A6783A /* testAppTests.xctest */,
				835736BE20EA314000A6783A /* testAppUITests.xctest */,
			);
			name = Products;
			sourceTree = "<group>";
		};
		8357369D20EA313E00A6783A /* testApp */ = {
			isa = PBXGroup;
			children = (
				8357369E20EA313E00A6783A /* AppDelegate.h */,
				8357369F20EA313E00A6783A /* AppDelegate.m */,
				835736A120EA313E00A6783A /* ViewController.h */,
				835736A220EA313E00A6783A /* ViewController.m */,
				835736A420EA313E00A6783A /* Main.storyboard */,
				835736A720EA314000A6783A /* Assets.xcassets */,
				835736A920EA314000A6783A /* LaunchScreen.storyboard */,
				835736AC20EA314000A6783A /* Info.plist */,
				835736AD20EA314000A6783A /* main.m */,
			);
			path = testApp;
			sourceTree = "<group>";
		};
		835736B620EA314000A6783A /* testAppTests */ = {
			isa = PBXGroup;
			children = (
				835736B720EA314000A6783A /* testAppTests.m */,
				835736B920EA314000A6783A /* Info.plist */,
			);
			path = testAppTests;
			sourceTree = "<group>";
		};
		835736C120EA314000A6783A /* testAppUITests */ = {
			isa = PBXGroup;
			children = (
				835736C220EA314000A6783A /* testAppUITests.m */,
				835736C420EA314000A6783A /* Info.plist */,
			);
			path = testAppUITests;
			sourceTree = "<group>";
		};
/* End PBXGroup section */

/* Begin PBXNativeTarget section */
		8357369A20EA313E00A6783A /* testApp */ = {
			isa = PBXNativeTarget;
			buildConfigurationList = 835736C720EA314000A6783A /* Build configuration list for PBXNativeTarget "testApp" */;
			buildPhases = (
				8357369720EA313E00A6783A /* Sources */,
				8357369820EA313E00A6783A /* Frameworks */,
				8357369920EA313E00A6783A /* Resources */,
			);
			buildRules = (
			);
			dependencies = (
			);
			name = testApp;
			productName = testApp;
			productReference = 8357369B20EA313E00A6783A /* testApp.app */;
			productType = "com.apple.product-type.application";
		};
		835736B220EA314000A6783A /* testAppTests */ = {
			isa = PBXNativeTarget;
			buildConfigurationList = 835736CA20EA314000A6783A /* Build configuration list for PBXNativeTarget "testAppTests" */;
			buildPhases = (
				835736AF20EA314000A6783A /* Sources */,
				835736B020EA314000A6783A /* Frameworks */,
				835736B120EA314000A6783A /* Resources */,
			);
			buildRules = (
			);
			dependencies = (
				835736B520EA314000A6783A /* PBXTargetDependency */,
			);
			name = testAppTests;
			productName = testAppTests;
			productReference = 835736B320EA314000A6783A /* testAppTests.xctest */;
			productType = "com.apple.product-type.bundle.unit-test";
		};
		835736BD20EA314000A6783A /* testAppUITests */ = {
			isa = PBXNativeTarget;
			buildConfigurationList = 835736CD20EA314000A6783A /* Build configuration list for PBXNativeTarget "testAppUITests" */;
			buildPhases = (
				835736BA20EA314000A6783A /* Sources */,
				835736BB20EA314000A6783A /* Frameworks */,
				835736BC20EA314000A6783A /* Resources */,
			);
			buildRules = (
			);
			dependencies = (
				835736C020EA314000A6783A /* PBXTargetDependency */,
			);
			name = testAppUITests;
			productName = testAppUITests;
			productReference = 835736BE20EA314000A6783A /* testAppUITests.xctest */;
			productType = "com.apple.product-type.bundle.ui-testing";
		};
/* End PBXNativeTarget section */

/* Begin PBXProject section */
		8357369320EA313E00A6783A /* Project object */ = {
			isa = PBXProject;
			attributes = {
				LastUpgradeCheck = 0940;
				ORGANIZATIONNAME = "🐰";
				TargetAttributes = {
					8357369A20EA313E00A6783A = {
						CreatedOnToolsVersion = 9.4;
					};
					835736B220EA314000A6783A = {
						CreatedOnToolsVersion = 9.4;
						TestTargetID = 8357369A20EA313E00A6783A;
					};
					835736BD20EA314000A6783A = {
						CreatedOnToolsVersion = 9.4;
						TestTargetID = 8357369A20EA313E00A6783A;
					};
				};
			};
			buildConfigurationList = 8357369620EA313E00A6783A /* Build configuration list for PBXProject "testApp" */;
			compatibilityVersion = "Xcode 9.3";
			developmentRegion = en;
			hasScannedForEncodings = 0;
			knownRegions = (
				en,
				Base,
			);
			mainGroup = 8357369220EA313E00A6783A;
			productRefGroup = 8357369C20EA313E00A6783A /* Products */;
			projectDirPath = "";
			projectRoot = "";
			targets = (
				8357369A20EA313E00A6783A /* testApp */,
				835736B220EA314000A6783A /* testAppTests */,
				835736BD20EA314000A6783A /* testAppUITests */,
			);
		};
/* End PBXProject section */

/* Begin PBXResourcesBuildPhase section */
		8357369920EA313E00A6783A /* Resources */ = {
			isa = PBXResourcesBuildPhase;
			buildActionMask = 2147483647;
			files = (
				835736AB20EA314000A6783A /* LaunchScreen.storyboard in Resources */,
				835736A820EA314000A6783A /* Assets.xcassets in Resources */,
				835736A620EA313E00A6783A /* Main.storyboard in Resources */,
			);
			runOnlyForDeploymentPostprocessing = 0;
		};
		835736B120EA314000A6783A /* Resources */ = {
			isa = PBXResourcesBuildPhase;
			buildActionMask = 2147483647;
			files = (
			);
			runOnlyForDeploymentPostprocessing = 0;
		};
		835736BC20EA314000A6783A /* Resources */ = {
			isa = PBXResourcesBuildPhase;
			buildActionMask = 2147483647;
			files = (
			);
			runOnlyForDeploymentPostprocessing = 0;
		};
/* End PBXResourcesBuildPhase section */

/* Begin PBXSourcesBuildPhase section */
		8357369720EA313E00A6783A /* Sources */ = {
			isa = PBXSourcesBuildPhase;
			buildActionMask = 2147483647;
			files = (
				835736A320EA313E00A6783A /* ViewController.m in Sources */,
				835736AE20EA314000A6783A /* main.m in Sources */,
				835736A020EA313E00A6783A /* AppDelegate.m in Sources */,
			);
			runOnlyForDeploymentPostprocessing = 0;
		};
		835736AF20EA314000A6783A /* Sources */ = {
			isa = PBXSourcesBuildPhase;
			buildActionMask = 2147483647;
			files = (
				835736B820EA314000A6783A /* testAppTests.m in Sources */,
			);
			runOnlyForDeploymentPostprocessing = 0;
		};
		835736BA20EA314000A6783A /* Sources */ = {
			isa = PBXSourcesBuildPhase;
			buildActionMask = 2147483647;
			files = (
				835736C320EA314000A6783A /* testAppUITests.m in Sources */,
			);
			runOnlyForDeploymentPostprocessing = 0;
		};
/* End PBXSourcesBuildPhase section */

/* Begin PBXTargetDependency section */
		835736B520EA314000A6783A /* PBXTargetDependency */ = {
			isa = PBXTargetDependency;
			target = 8357369A20EA313E00A6783A /* testApp */;
			targetProxy = 835736B420EA314000A6783A /* PBXContainerItemProxy */;
		};
		835736C020EA314000A6783A /* PBXTargetDependency */ = {
			isa = PBXTargetDependency;
			target = 8357369A20EA313E00A6783A /* testApp */;
			targetProxy = 835736BF20EA314000A6783A /* PBXContainerItemProxy */;
		};
/* End PBXTargetDependency section */

/* Begin PBXVariantGroup section */
		835736A420EA313E00A6783A /* Main.storyboard */ = {
			isa = PBXVariantGroup;
			children = (
				835736A520EA313E00A6783A /* Base */,
			);
			name = Main.storyboard;
			sourceTree = "<group>";
		};
		835736A920EA314000A6783A /* LaunchScreen.storyboard */ = {
			isa = PBXVariantGroup;
			children = (
				835736AA20EA314000A6783A /* Base */,
			);
			name = LaunchScreen.storyboard;
			sourceTree = "<group>";
		};
/* End PBXVariantGroup section */

/* Begin XCBuildConfiguration section */
		835736C520EA314000A6783A /* Debug */ = {
			isa = XCBuildConfiguration;
			buildSettings = {
				ALWAYS_SEARCH_USER_PATHS = NO;
				CLANG_ANALYZER_NONNULL = YES;
				CLANG_ANALYZER_NUMBER_OBJECT_CONVERSION = YES_AGGRESSIVE;
				CLANG_CXX_LANGUAGE_STANDARD = "gnu++14";
				CLANG_CXX_LIBRARY = "libc++";
				CLANG_ENABLE_MODULES = YES;
				CLANG_ENABLE_OBJC_ARC = YES;
				CLANG_ENABLE_OBJC_WEAK = YES;
				CLANG_WARN_BLOCK_CAPTURE_AUTORELEASING = YES;
				CLANG_WARN_BOOL_CONVERSION = YES;
				CLANG_WARN_COMMA = YES;
				CLANG_WARN_CONSTANT_CONVERSION = YES;
				CLANG_WARN_DEPRECATED_OBJC_IMPLEMENTATIONS = YES;
				CLANG_WARN_DIRECT_OBJC_ISA_USAGE = YES_ERROR;
				CLANG_WARN_DOCUMENTATION_COMMENTS = YES;
				CLANG_WARN_EMPTY_BODY = YES;
				CLANG_WARN_ENUM_CONVERSION = YES;
				CLANG_WARN_INFINITE_RECURSION = YES;
				CLANG_WARN_INT_CONVERSION = YES;
				CLANG_WARN_NON_LITERAL_NULL_CONVERSION = YES;
				CLANG_WARN_OBJC_IMPLICIT_RETAIN_SELF = YES;
				CLANG_WARN_OBJC_LITERAL_CONVERSION = YES;
				CLANG_WARN_OBJC_ROOT_CLASS = YES_ERROR;
				CLANG_WARN_RANGE_LOOP_ANALYSIS = YES;
				CLANG_WARN_STRICT_PROTOTYPES = YES;
				CLANG_WARN_SUSPICIOUS_MOVE = YES;
				CLANG_WARN_UNGUARDED_AVAILABILITY = YES_AGGRESSIVE;
				CLANG_WARN_UNREACHABLE_CODE = YES;
				CLANG_WARN__DUPLICATE_METHOD_MATCH = YES;
				CODE_SIGN_IDENTITY = "iPhone Developer";
				COPY_PHASE_STRIP = NO;
				DEBUG_INFORMATION_FORMAT = dwarf;
				ENABLE_STRICT_OBJC_MSGSEND = YES;
				ENABLE_TESTABILITY = YES;
				GCC_C_LANGUAGE_STANDARD = gnu11;
				GCC_DYNAMIC_NO_PIC = NO;
				GCC_NO_COMMON_BLOCKS = YES;
				GCC_OPTIMIZATION_LEVEL = 0;
				GCC_PREPROCESSOR_DEFINITIONS = (
					"DEBUG=1",
					"$(inherited)",
				);
				GCC_WARN_64_TO_32_BIT_CONVERSION = YES;
				GCC_WARN_ABOUT_RETURN_TYPE = YES_ERROR;
				GCC_WARN_UNDECLARED_SELECTOR = YES;
				GCC_WARN_UNINITIALIZED_AUTOS = YES_AGGRESSIVE;
				GCC_WARN_UNUSED_FUNCTION = YES;
				GCC_WARN_UNUSED_VARIABLE = YES;
				IPHONEOS_DEPLOYMENT_TARGET = 11.4;
				MTL_ENABLE_DEBUG_INFO = YES;
				ONLY_ACTIVE_ARCH = YES;
				SDKROOT = iphoneos;
			};
			name = Debug;
		};
		835736C620EA314000A6783A /* Release */ = {
			isa = XCBuildConfiguration;
			buildSettings = {
				ALWAYS_SEARCH_USER_PATHS = NO;
				CLANG_ANALYZER_NONNULL = YES;
				CLANG_ANALYZER_NUMBER_OBJECT_CONVERSION = YES_AGGRESSIVE;
				CLANG_CXX_LANGUAGE_STANDARD = "gnu++14";
				CLANG_CXX_LIBRARY = "libc++";
				CLANG_ENABLE_MODULES = YES;
				CLANG_ENABLE_OBJC_ARC = YES;
				CLANG_ENABLE_OBJC_WEAK = YES;
				CLANG_WARN_BLOCK_CAPTURE_AUTORELEASING = YES;
				CLANG_WARN_BOOL_CONVERSION = YES;
				CLANG_WARN_COMMA = YES;
				CLANG_WARN_CONSTANT_CONVERSION = YES;
				CLANG_WARN_DEPRECATED_OBJC_IMPLEMENTATIONS = YES;
				CLANG_WARN_DIRECT_OBJC_ISA_USAGE = YES_ERROR;
				CLANG_WARN_DOCUMENTATION_COMMENTS = YES;
				CLANG_WARN_EMPTY_BODY = YES;
				CLANG_WARN_ENUM_CONVERSION = YES;
				CLANG_WARN_INFINITE_RECURSION = YES;
				CLANG_WARN_INT_CONVERSION = YES;
				CLANG_WARN_NON_LITERAL_NULL_CONVERSION = YES;
				CLANG_WARN_OBJC_IMPLICIT_RETAIN_SELF = YES;
				CLANG_WARN_OBJC_LITERAL_CONVERSION = YES;
				CLANG_WARN_OBJC_ROOT_CLASS = YES_ERROR;
				CLANG_WARN_RANGE_LOOP_ANALYSIS = YES;
				CLANG_WARN_STRICT_PROTOTYPES = YES;
				CLANG_WARN_SUSPICIOUS_MOVE = YES;
				CLANG_WARN_UNGUARDED_AVAILABILITY = YES_AGGRESSIVE;
				CLANG_WARN_UNREACHABLE_CODE = YES;
				CLANG_WARN__DUPLICATE_METHOD_MATCH = YES;
				CODE_SIGN_IDENTITY = "iPhone Developer";
				COPY_PHASE_STRIP = NO;
				DEBUG_INFORMATION_FORMAT = "dwarf-with-dsym";
				ENABLE_NS_ASSERTIONS = NO;
				ENABLE_STRICT_OBJC_MSGSEND = YES;
				GCC_C_LANGUAGE_STANDARD = gnu11;
				GCC_NO_COMMON_BLOCKS = YES;
				GCC_WARN_64_TO_32_BIT_CONVERSION = YES;
				GCC_WARN_ABOUT_RETURN_TYPE = YES_ERROR;
				GCC_WARN_UNDECLARED_SELECTOR = YES;
				GCC_WARN_UNINITIALIZED_AUTOS = YES_AGGRESSIVE;
				GCC_WARN_UNUSED_FUNCTION = YES;
				GCC_WARN_UNUSED_VARIABLE = YES;
				IPHONEOS_DEPLOYMENT_TARGET = 11.4;
				MTL_ENABLE_DEBUG_INFO = NO;
				SDKROOT = iphoneos;
				VALIDATE_PRODUCT = YES;
			};
			name = Release;
		};
		835736C820EA314000A6783A /* Debug */ = {
			isa = XCBuildConfiguration;
			buildSettings = {
				ASSETCATALOG_COMPILER_APPICON_NAME = AppIcon;
				CODE_SIGN_STYLE = Automatic;
				INFOPLIST_FILE = testApp/Info.plist;
				LD_RUNPATH_SEARCH_PATHS = (
					"$(inherited)",
					"@executable_path/Frameworks",
				);
				PRODUCT_BUNDLE_IDENTIFIER = "--.testApp";
				PRODUCT_NAME = "$(TARGET_NAME)";
				TARGETED_DEVICE_FAMILY = "1,2";
			};
			name = Debug;
		};
		835736C920EA314000A6783A /* Release */ = {
			isa = XCBuildConfiguration;
			buildSettings = {
				ASSETCATALOG_COMPILER_APPICON_NAME = AppIcon;
				CODE_SIGN_STYLE = Automatic;
				INFOPLIST_FILE = testApp/Info.plist;
				LD_RUNPATH_SEARCH_PATHS = (
					"$(inherited)",
					"@executable_path/Frameworks",
				);
				PRODUCT_BUNDLE_IDENTIFIER = "--.testApp";
				PRODUCT_NAME = "$(TARGET_NAME)";
				TARGETED_DEVICE_FAMILY = "1,2";
			};
			name = Release;
		};
		835736CB20EA314000A6783A /* Debug */ = {
			isa = XCBuildConfiguration;
			buildSettings = {
				BUNDLE_LOADER = "$(TEST_HOST)";
				CODE_SIGN_STYLE = Automatic;
				INFOPLIST_FILE = testAppTests/Info.plist;
				LD_RUNPATH_SEARCH_PATHS = (
					"$(inherited)",
					"@executable_path/Frameworks",
					"@loader_path/Frameworks",
				);
				PRODUCT_BUNDLE_IDENTIFIER = "--.testAppTests";
				PRODUCT_NAME = "$(TARGET_NAME)";
				TARGETED_DEVICE_FAMILY = "1,2";
				TEST_HOST = "$(BUILT_PRODUCTS_DIR)/testApp.app/testApp";
			};
			name = Debug;
		};
		835736CC20EA314000A6783A /* Release */ = {
			isa = XCBuildConfiguration;
			buildSettings = {
				BUNDLE_LOADER = "$(TEST_HOST)";
				CODE_SIGN_STYLE = Automatic;
				INFOPLIST_FILE = testAppTests/Info.plist;
				LD_RUNPATH_SEARCH_PATHS = (
					"$(inherited)",
					"@executable_path/Frameworks",
					"@loader_path/Frameworks",
				);
				PRODUCT_BUNDLE_IDENTIFIER = "--.testAppTests";
				PRODUCT_NAME = "$(TARGET_NAME)";
				TARGETED_DEVICE_FAMILY = "1,2";
				TEST_HOST = "$(BUILT_PRODUCTS_DIR)/testApp.app/testApp";
			};
			name = Release;
		};
		835736CE20EA314000A6783A /* Debug */ = {
			isa = XCBuildConfiguration;
			buildSettings = {
				CODE_SIGN_STYLE = Automatic;
				INFOPLIST_FILE = testAppUITests/Info.plist;
				LD_RUNPATH_SEARCH_PATHS = (
					"$(inherited)",
					"@executable_path/Frameworks",
					"@loader_path/Frameworks",
				);
				PRODUCT_BUNDLE_IDENTIFIER = "--.testAppUITests";
				PRODUCT_NAME = "$(TARGET_NAME)";
				TARGETED_DEVICE_FAMILY = "1,2";
				TEST_TARGET_NAME = testApp;
			};
			name = Debug;
		};
		835736CF20EA314000A6783A /* Release */ = {
			isa = XCBuildConfiguration;
			buildSettings = {
				CODE_SIGN_STYLE = Automatic;
				INFOPLIST_FILE = testAppUITests/Info.plist;
				LD_RUNPATH_SEARCH_PATHS = (
					"$(inherited)",
					"@executable_path/Frameworks",
					"@loader_path/Frameworks",
				);
				PRODUCT_BUNDLE_IDENTIFIER = "--.testAppUITests";
				PRODUCT_NAME = "$(TARGET_NAME)";
				TARGETED_DEVICE_FAMILY = "1,2";
				TEST_TARGET_NAME = testApp;
			};
			name = Release;
		};
/* End XCBuildConfiguration section */

/* Begin XCConfigurationList section */
		8357369620EA313E00A6783A /* Build configuration list for PBXProject "testApp" */ = {
			isa = XCConfigurationList;
			buildConfigurations = (
				835736C520EA314000A6783A /* Debug */,
				835736C620EA314000A6783A /* Release */,
			);
			defaultConfigurationIsVisible = 0;
			defaultConfigurationName = Release;
		};
		835736C720EA314000A6783A /* Build configuration list for PBXNativeTarget "testApp" */ = {
			isa = XCConfigurationList;
			buildConfigurations = (
				835736C820EA314000A6783A /* Debug */,
				835736C920EA314000A6783A /* Release */,
			);
			defaultConfigurationIsVisible = 0;
			defaultConfigurationName = Release;
		};
		835736CA20EA314000A6783A /* Build configuration list for PBXNativeTarget "testAppTests" */ = {
			isa = XCConfigurationList;
			buildConfigurations = (
				835736CB20EA314000A6783A /* Debug */,
				835736CC20EA314000A6783A /* Release */,
			);
			defaultConfigurationIsVisible = 0;
			defaultConfigurationName = Release;
		};
		835736CD20EA314000A6783A /* Build configuration list for PBXNativeTarget "testAppUITests" */ = {
			isa = XCConfigurationList;
			buildConfigurations = (
				835736CE20EA314000A6783A /* Debug */,
				835736CF20EA314000A6783A /* Release */,
			);
			defaultConfigurationIsVisible = 0;
			defaultConfigurationName = Release;
		};
/* End XCConfigurationList section */
	};
	rootObject = 8357369320EA313E00A6783A /* Project object */;
}
